
Microsoft Visual Studio Solution File, Format Version 12.00
# Visual Studio 15
VisualStudioVersion = 15.0.28307.489
MinimumVisualStudioVersion = 10.0.40219.1
Project("{FAE04EC0-301F-11D3-BF4B-00C04F79EFBC}") = "Entities", "ProiectPOO\Entities.csproj", "{5A6AC701-6157-4ADC-91F8-10D58BB18E70}"
EndProject
Project("{FAE04EC0-301F-11D3-BF4B-00C04F79EFBC}") = "OnlinePlatform", "OnlinePlatform\OnlinePlatform.csproj", "{7BAFE981-FADE-4A8B-B563-F681B3C3E586}"
EndProject
Global
	GlobalSection(SolutionConfigurationPlatforms) = preSolution
		Debug|Any CPU = Debug|Any CPU
		Release|Any CPU = Release|Any CPU
	EndGlobalSection
	GlobalSection(ProjectConfigurationPlatforms) = postSolution
		{5A6AC701-6157-4ADC-91F8-10D58BB18E70}.Debug|Any CPU.ActiveCfg = Debug|Any CPU
		{5A6AC701-6157-4ADC-91F8-10D58BB18E70}.Debug|Any CPU.Build.0 = Debug|Any CPU
		{5A6AC701-6157-4ADC-91F8-10D58BB18E70}.Release|Any CPU.ActiveCfg = Release|Any CPU
		{5A6AC701-6157-4ADC-91F8-10D58BB18E70}.Release|Any CPU.Build.0 = Release|Any CPU
		{7BAFE981-FADE-4A8B-B563-F681B3C3E586}.Debug|Any CPU.ActiveCfg = Debug|Any CPU
		{7BAFE981-FADE-4A8B-B563-F681B3C3E586}.Debug|Any CPU.Build.0 = Debug|Any CPU
		{7BAFE981-FADE-4A8B-B563-F681B3C3E586}.Release|Any CPU.ActiveCfg = Release|Any CPU
		{7BAFE981-FADE-4A8B-B563-F681B3C3E586}.Release|Any CPU.Build.0 = Release|Any CPU
	EndGlobalSection
	GlobalSection(SolutionProperties) = preSolution
		HideSolutionNode = FALSE
	EndGlobalSection
	GlobalSection(ExtensibilityGlobals) = postSolution
		SolutionGuid = {FF6C3630-4BDF-400F-8D28-26E81DE03695}
	EndGlobalSection
EndGlobal
